# This file is automatically @generated by Cargo.
# It is not intended for manual editing.
version = 4

[[package]]
name = "bitflags"
version = "2.13.0"
source = "registry+https://github.com/rust-lang/crates.io-index"
checksum = "b4388bee8683e3d04af747c73422af53102d2bd24d9eadb6cbc100baef4b43f8"

[[package]]
name = "bmo-abi"
version = "2.0.0"
dependencies = [
 "bitflags",
 "bmo-bex-gate",
 "bmo-carga-juicio",
 "bmo-disposicion",
 "bmo-hash",
 "bmo-hostile",
]

[[package]]
name = "bmo-ada-front"
version = "0.1.0"

[[package]]
name = "bmo-ada-x86-64"
version = "0.1.0"
dependencies = [
 "bmo-abi",
 "bmo-ada-front",
 "bmo-lower",
 "bmo-verify",
]

[[package]]
name = "bmo-ahci"
version = "0.1.0"

[[package]]
name = "bmo-amplificador"
version = "1.0.0"

[[package]]
name = "bmo-antena"
version = "0.1.0"
dependencies = [
 "bmo-hostile",
]

[[package]]
name = "bmo-audio"
version = "1.0.0"

[[package]]
name = "bmo-bex-gate"
version = "1.0.0"
dependencies = [
 "bmo-hostile",
]

[[package]]
name = "bmo-bex-link"
version = "0.1.0"
dependencies = [
 "bmo-abi",
]

[[package]]
name = "bmo-block"
version = "0.1.0"

[[package]]
name = "bmo-c-front"
version = "0.1.0"
dependencies = [
 "bmo-disposicion",
 "bmo-mods",
]

[[package]]
name = "bmo-c-x86-64"
version = "0.1.0"
dependencies = [
 "bmo-abi",
 "bmo-bex-gate",
 "bmo-c-front",
 "bmo-inti-front",
 "bmo-inti-x86-64",
 "bmo-lower",
 "bmo-mods",
 "bmo-sem-asm",
 "bmo-verify",
]

[[package]]
name = "bmo-carga-juicio"
version = "0.1.0"

[[package]]
name = "bmo-channel"
version = "1.0.0"

[[package]]
name = "bmo-ciudad"
version = "0.1.0"
dependencies = [
 "bmo-dibujo",
]

[[package]]
name = "bmo-cobol-front"
version = "0.1.0"

[[package]]
name = "bmo-cobol-x86-64"
version = "0.1.0"
dependencies = [
 "bmo-abi",
 "bmo-bex-gate",
 "bmo-cobol-front",
 "bmo-lower",
 "bmo-sem-asm",
 "bmo-verify",
]

[[package]]
name = "bmo-cola"
version = "0.1.0"

[[package]]
name = "bmo-config"
version = "0.1.0"
dependencies = [
 "bmo-hostile",
]

[[package]]
name = "bmo-cpp-front"
version = "0.1.0"
dependencies = [
 "bmo-c-front",
 "bmo-disposicion",
]

[[package]]
name = "bmo-cpp-x86-64"
version = "0.1.0"
dependencies = [
 "bmo-abi",
 "bmo-c-x86-64",
 "bmo-cpp-front",
 "bmo-lower",
 "bmo-verify",
]

[[package]]
name = "bmo-cripto"
version = "0.1.0"

[[package]]
name = "bmo-dibujo"
version = "0.1.0"

[[package]]
name = "bmo-disco-juicio"
version = "0.1.0"
dependencies = [
 "bmo-identify",
]

[[package]]
name = "bmo-disposicion"
version = "0.1.0"

[[package]]
name = "bmo-dma-forma"
version = "0.1.0"

[[package]]
name = "bmo-dma-juicio"
version = "0.1.0"

[[package]]
name = "bmo-enlazar"
version = "0.1.0"
dependencies = [
 "bmo-abi",
 "bmo-c-x86-64",
 "bmo-cpp-x86-64",
 "bmo-inti-x86-64",
 "bmo-lower",
 "bmo-verify",
]

[[package]]
name = "bmo-estratos"
version = "0.1.0"
dependencies = [
 "bmo-block",
 "bmo-hash",
 "bmo-hostile",
]

[[package]]
name = "bmo-estratos-fmt"
version = "0.1.0"
dependencies = [
 "bmo-estratos",
 "bmo-hash",
]

[[package]]
name = "bmo-fat32"
version = "0.1.0"
dependencies = [
 "bmo-block",
 "bmo-hostile",
]

[[package]]
name = "bmo-firma"
version = "1.0.0"
dependencies = [
 "bmo-cripto",
 "bmo-hostile",
]

[[package]]
name = "bmo-firmar"
version = "0.1.0"
dependencies = [
 "bmo-abi",
 "bmo-cripto",
 "bmo-firma",
 "bmo-hash",
]

[[package]]
name = "bmo-firmware"
version = "0.1.0"
dependencies = [
 "bmo-hostile",
]

[[package]]
name = "bmo-fisica-juicio"
version = "0.1.0"

[[package]]
name = "bmo-foco"
version = "0.1.0"

[[package]]
name = "bmo-fontgen"
version = "0.1.0"

[[package]]
name = "bmo-golpe"
version = "0.1.0"

[[package]]
name = "bmo-gpu-rdna4"
version = "0.1.0"

[[package]]
name = "bmo-hash"
version = "0.1.0"

[[package]]
name = "bmo-hello-bex"
version = "0.1.0"
dependencies = [
 "bmo-abi",
]

[[package]]
name = "bmo-hostile"
version = "0.1.0"

[[package]]
name = "bmo-identify"
version = "0.1.0"

[[package]]
name = "bmo-imagen"
version = "0.1.0"
dependencies = [
 "bmo-hostile",
]

[[package]]
name = "bmo-input"
version = "0.1.0"
dependencies = [
 "bmo-foco",
]

[[package]]
name = "bmo-inti-front"
version = "0.1.0"
dependencies = [
 "bmo-mods",
 "cabina-core",
 "toml",
]

[[package]]
name = "bmo-inti-x86-64"
version = "0.1.0"
dependencies = [
 "bmo-abi",
 "bmo-inti-front",
 "bmo-lower",
 "bmo-mods",
 "bmo-sem-asm",
 "bmo-verify",
 "toml",
]

[[package]]
name = "bmo-juicio"
version = "0.1.0"

[[package]]
name = "bmo-kernel"
version = "2.0.0"
dependencies = [
 "bmo-ahci",
 "bmo-audio",
 "bmo-bex-gate",
 "bmo-block",
 "bmo-carga-juicio",
 "bmo-channel",
 "bmo-ciudad",
 "bmo-cola",
 "bmo-dibujo",
 "bmo-disco-juicio",
 "bmo-dma-forma",
 "bmo-dma-juicio",
 "bmo-estratos",
 "bmo-fat32",
 "bmo-firma",
 "bmo-firmware",
 "bmo-fisica-juicio",
 "bmo-hash",
 "bmo-identify",
 "bmo-input",
 "bmo-mmio-juicio",
 "bmo-net",
 "bmo-orquesta",
 "bmo-particiones",
 "bmo-prestamo-juicio",
 "bmo-puerta-red",
 "bmo-rtc",
 "bmo-trim",
 "bmo-uaudio",
 "bmo-uhid",
 "bmo-usbred",
 "bmo-xhci",
 "boot-context",
 "cabina-core",
]

[[package]]
name = "bmo-lower"
version = "0.1.0"
dependencies = [
 "bmo-abi",
]

[[package]]
name = "bmo-maqueta"
version = "0.1.0"
dependencies = [
 "bmo-maqueta-cascade",
 "bmo-maqueta-diag",
 "bmo-maqueta-emit",
 "bmo-maqueta-layout",
 "bmo-maqueta-node",
 "bmo-maqueta-verdict",
]

[[package]]
name = "bmo-maqueta-cara"
version = "1.0.0"
dependencies = [
 "bmo-hostile",
]

[[package]]
name = "bmo-maqueta-cascade"
version = "0.1.0"
dependencies = [
 "bmo-maqueta-diag",
 "bmo-maqueta-node",
]

[[package]]
name = "bmo-maqueta-diag"
version = "0.1.0"

[[package]]
name = "bmo-maqueta-emit"
version = "0.1.0"
dependencies = [
 "bmo-dibujo",
 "bmo-maqueta-cara",
 "bmo-maqueta-cascade",
 "bmo-maqueta-diag",
 "bmo-maqueta-layout",
 "bmo-maqueta-node",
 "bmo-maqueta-verdict",
]

[[package]]
name = "bmo-maqueta-layout"
version = "0.1.0"
dependencies = [
 "bmo-maqueta-cascade",
 "bmo-maqueta-diag",
 "bmo-maqueta-node",
]

[[package]]
name = "bmo-maqueta-lex"
version = "0.1.0"

[[package]]
name = "bmo-maqueta-node"
version = "0.1.0"
dependencies = [
 "bmo-maqueta-diag",
 "bmo-maqueta-lex",
]

[[package]]
name = "bmo-maqueta-verdict"
version = "0.1.0"
dependencies = [
 "bmo-maqueta-cascade",
 "bmo-maqueta-diag",
 "bmo-maqueta-layout",
 "bmo-maqueta-node",
]

[[package]]
name = "bmo-metro"
version = "0.1.0"
dependencies = [
 "bmo-abi",
 "bmo-ada-x86-64",
 "bmo-c-x86-64",
 "bmo-cobol-x86-64",
 "bmo-cpp-x86-64",
 "bmo-enlazar",
 "bmo-inti-x86-64",
 "bmo-lower",
 "bmo-mods",
]

[[package]]
name = "bmo-mmio-juicio"
version = "0.1.0"

[[package]]
name = "bmo-mods"
version = "0.1.0"
dependencies = [
 "toml",
]

[[package]]
name = "bmo-net"
version = "0.1.0"

[[package]]
name = "bmo-orquesta"
version = "0.1.0"

[[package]]
name = "bmo-pack"
version = "0.1.0"
dependencies = [
 "bmo-abi",
]

[[package]]
name = "bmo-particiones"
version = "0.1.0"
dependencies = [
 "bmo-hostile",
]

[[package]]
name = "bmo-pila"
version = "0.1.0"
dependencies = [
 "bmo-cripto",
 "bmo-hostile",
]

[[package]]
name = "bmo-prestamo-juicio"
version = "0.1.0"

[[package]]
name = "bmo-puerta-red"
version = "0.1.0"
dependencies = [
 "bmo-hostile",
]

[[package]]
name = "bmo-ritmo"
version = "0.1.0"

[[package]]
name = "bmo-rpc-demo"
version = "0.1.0"
dependencies = [
 "bmo-abi",
]

[[package]]
name = "bmo-rt"
version = "0.1.0"
dependencies = [
 "bmo-abi",
]

[[package]]
name = "bmo-rtc"
version = "1.0.0"

[[package]]
name = "bmo-sem-asm"
version = "0.1.0"
dependencies = [
 "serde",
 "toml",
]

[[package]]
name = "bmo-sonido"
version = "1.0.0"
dependencies = [
 "bmo-hostile",
]

[[package]]
name = "bmo-trim"
version = "0.1.0"

[[package]]
name = "bmo-uaudio"
version = "1.0.0"
dependencies = [
 "bmo-hostile",
]

[[package]]
name = "bmo-uhid"
version = "0.1.0"
dependencies = [
 "bmo-hostile",
 "bmo-input",
 "bmo-xhci",
]

[[package]]
name = "bmo-usbred"
version = "0.1.0"
dependencies = [
 "bmo-hostile",
]

[[package]]
name = "bmo-verify"
version = "0.1.0"
dependencies = [
 "bmo-abi",
 "bmo-bex-gate",
]

[[package]]
name = "bmo-vista-ciudad"
version = "0.1.0"
dependencies = [
 "bmo-ciudad",
]

[[package]]
name = "bmo-xhci"
version = "0.1.0"

[[package]]
name = "boot-context"
version = "2.0.0"

[[package]]
name = "cabina-core"
version = "1.0.0"

[[package]]
name = "equivalent"
version = "1.0.2"
source = "registry+https://github.com/rust-lang/crates.io-index"
checksum = "877a4ace8713b0bcf2a4e7eec82529c029f1d0619886d18145fea96c3ffe5c0f"

[[package]]
name = "hashbrown"
version = "0.17.1"
source = "registry+https://github.com/rust-lang/crates.io-index"
checksum = "ed5909b6e89a2db4456e54cd5f673791d7eca6732202bbf2a9cc504fe2f9b84a"

[[package]]
name = "indexmap"
version = "2.14.0"
source = "registry+https://github.com/rust-lang/crates.io-index"
checksum = "d466e9454f08e4a911e14806c24e16fba1b4c121d1ea474396f396069cf949d9"
dependencies = [
 "equivalent",
 "hashbrown",
]

[[package]]
name = "memchr"
version = "2.8.3"
source = "registry+https://github.com/rust-lang/crates.io-index"
checksum = "cf8baf1c55e62ffcace7a9f06f4bd9cd3f0c4beb022d3b367256b91b87513d98"

[[package]]
name = "proc-macro2"
version = "1.0.106"
source = "registry+https://github.com/rust-lang/crates.io-index"
checksum = "8fd00f0bb2e90d81d1044c2b32617f68fcb9fa3bb7640c23e9c748e53fb30934"
dependencies = [
 "unicode-ident",
]

[[package]]
name = "quote"
version = "1.0.46"
source = "registry+https://github.com/rust-lang/crates.io-index"
checksum = "dfbc457d0c7a0759a614551b11a6409e5951f6c7537be1f1b7682b9ae9230368"
dependencies = [
 "proc-macro2",
]

[[package]]
name = "serde"
version = "1.0.229"
source = "registry+https://github.com/rust-lang/crates.io-index"
checksum = "4148590afebada386688f18773da617792bf2ef03ffc1e4cbd2b1d45b023e0ba"
dependencies = [
 "serde_core",
 "serde_derive",
]

[[package]]
name = "serde_core"
version = "1.0.229"
source = "registry+https://github.com/rust-lang/crates.io-index"
checksum = "67dca2c9c51e58a4791a4b1ed58308b39c64224d349a935ab5039aa360942a48"
dependencies = [
 "serde_derive",
]

[[package]]
name = "serde_derive"
version = "1.0.229"
source = "registry+https://github.com/rust-lang/crates.io-index"
checksum = "e7a5d71263a5a7d47b41f6b3f06ba276f10cc18b0931f1799f710578e2309348"
dependencies = [
 "proc-macro2",
 "quote",
 "syn",
]

[[package]]
name = "serde_spanned"
version = "0.6.9"
source = "registry+https://github.com/rust-lang/crates.io-index"
checksum = "bf41e0cfaf7226dca15e8197172c295a782857fcb97fad1808a166870dee75a3"
dependencies = [
 "serde",
]

[[package]]
name = "syn"
version = "3.0.3"
source = "registry+https://github.com/rust-lang/crates.io-index"
checksum = "53e9bae58849f64dfa4f5d5ae372c8341f7305f82a3868709269343628b659a3"
dependencies = [
 "proc-macro2",
 "quote",
 "unicode-ident",
]

[[package]]
name = "toml"
version = "0.8.23"
source = "registry+https://github.com/rust-lang/crates.io-index"
checksum = "dc1beb996b9d83529a9e75c17a1686767d148d70663143c7854d8b4a09ced362"
dependencies = [
 "serde",
 "serde_spanned",
 "toml_datetime",
 "toml_edit",
]

[[package]]
name = "toml_datetime"
version = "0.6.11"
source = "registry+https://github.com/rust-lang/crates.io-index"
checksum = "22cddaf88f4fbc13c51aebbf5f8eceb5c7c5a9da2ac40a13519eb5b0a0e8f11c"
dependencies = [
 "serde",
]

[[package]]
name = "toml_edit"
version = "0.22.27"
source = "registry+https://github.com/rust-lang/crates.io-index"
checksum = "41fe8c660ae4257887cf66394862d21dbca4a6ddd26f04a3560410406a2f819a"
dependencies = [
 "indexmap",
 "serde",
 "serde_spanned",
 "toml_datetime",
 "toml_write",
 "winnow",
]

[[package]]
name = "toml_write"
version = "0.1.2"
source = "registry+https://github.com/rust-lang/crates.io-index"
checksum = "5d99f8c9a7727884afe522e9bd5edbfc91a3312b36a77b5fb8926e4c31a41801"

[[package]]
name = "unicode-ident"
version = "1.0.24"
source = "registry+https://github.com/rust-lang/crates.io-index"
checksum = "e6e4313cd5fcd3dad5cafa179702e2b244f760991f45397d14d4ebf38247da75"

[[package]]
name = "winnow"
version = "0.7.15"
source = "registry+https://github.com/rust-lang/crates.io-index"
checksum = "df79d97927682d2fd8adb29682d1140b343be4ac0f08fd68b7765d9c059d3945"
dependencies = [
 "memchr",
]
