# This file is automatically @generated by Cargo.
# It is not intended for manual editing.
version = 4

[[package]]
name = "bmo-antena"
version = "0.1.0"

[[package]]
name = "bmo-bsf"
version = "0.1.0"
dependencies = [
 "bmo-hash",
 "bmo-spirv-front",
 "bmo-spirv-x86-64",
]

[[package]]
name = "bmo-config"
version = "0.1.0"

[[package]]
name = "bmo-cripto"
version = "0.1.0"

[[package]]
name = "bmo-dibujo"
version = "0.1.0"

[[package]]
name = "bmo-foco"
version = "0.1.0"

[[package]]
name = "bmo-golpe"
version = "0.1.0"

[[package]]
name = "bmo-gpu-ga10x"
version = "0.1.0"

[[package]]
name = "bmo-hash"
version = "0.1.0"

[[package]]
name = "bmo-imagen"
version = "0.1.0"

[[package]]
name = "bmo-juicio"
version = "0.1.0"

[[package]]
name = "bmo-medida-coste"
version = "0.1.0"
dependencies = [
 "bmo-juicio",
 "bmo-userland",
]

[[package]]
name = "bmo-medida-sombra"
version = "0.1.0"
dependencies = [
 "bmo-bsf",
 "bmo-spirv-front",
 "bmo-spirv-x86-64",
 "bmo-userland",
]

[[package]]
name = "bmo-pila"
version = "0.1.0"
dependencies = [
 "bmo-cripto",
]

[[package]]
name = "bmo-puerta-red"
version = "0.1.0"

[[package]]
name = "bmo-ritmo"
version = "0.1.0"

[[package]]
name = "bmo-rtc"
version = "1.0.0"

[[package]]
name = "bmo-service-director"
version = "0.1.0"
dependencies = [
 "bmo-antena",
 "bmo-config",
 "bmo-dibujo",
 "bmo-foco",
 "bmo-golpe",
 "bmo-gpu-ga10x",
 "bmo-imagen",
 "bmo-juicio",
 "bmo-pila",
 "bmo-ritmo",
 "bmo-rtc",
 "bmo-userland",
]

[[package]]
name = "bmo-service-input"
version = "0.1.0"
dependencies = [
 "bmo-userland",
]

[[package]]
name = "bmo-spirv-front"
version = "0.1.0"

[[package]]
name = "bmo-spirv-x86-64"
version = "0.1.0"
dependencies = [
 "bmo-spirv-front",
]

[[package]]
name = "bmo-userland"
version = "2.0.0"
dependencies = [
 "bmo-dibujo",
 "bmo-puerta-red",
]
